
Microsoft Visual Studio Solution File, Format Version 12.00
# Visual Studio 15
VisualStudioVersion = 15.0.26430.6
MinimumVisualStudioVersion = 10.0.40219.1
Project("{FAE04EC0-301F-11D3-BF4B-00C04F79EFBC}") = "calls", "calls\calls.csproj", "{10D6BD1F-BB15-4FBB-811C-F44E831758B5}"
EndProject
Project("{E53339B2-1760-4266-BCC7-CA923CBCF16C}") = "docker-compose", "docker-compose.dcproj", "{C34AA81B-2A9C-4424-972A-8C0F4DE3BE1A}"
EndProject
Global
	GlobalSection(SolutionConfigurationPlatforms) = preSolution
		Debug|Any CPU = Debug|Any CPU
		Release|Any CPU = Release|Any CPU
	EndGlobalSection
	GlobalSection(ProjectConfigurationPlatforms) = postSolution
		{10D6BD1F-BB15-4FBB-811C-F44E831758B5}.Debug|Any CPU.ActiveCfg = Debug|Any CPU
		{10D6BD1F-BB15-4FBB-811C-F44E831758B5}.Debug|Any CPU.Build.0 = Debug|Any CPU
		{10D6BD1F-BB15-4FBB-811C-F44E831758B5}.Release|Any CPU.ActiveCfg = Release|Any CPU
		{10D6BD1F-BB15-4FBB-811C-F44E831758B5}.Release|Any CPU.Build.0 = Release|Any CPU
		{C34AA81B-2A9C-4424-972A-8C0F4DE3BE1A}.Debug|Any CPU.ActiveCfg = Debug|Any CPU
		{C34AA81B-2A9C-4424-972A-8C0F4DE3BE1A}.Debug|Any CPU.Build.0 = Debug|Any CPU
		{C34AA81B-2A9C-4424-972A-8C0F4DE3BE1A}.Release|Any CPU.ActiveCfg = Release|Any CPU
		{C34AA81B-2A9C-4424-972A-8C0F4DE3BE1A}.Release|Any CPU.Build.0 = Release|Any CPU
	EndGlobalSection
	GlobalSection(SolutionProperties) = preSolution
		HideSolutionNode = FALSE
	EndGlobalSection
EndGlobal
